
Microsoft Visual Studio Solution File, Format Version 12.00
# Visual Studio Version 17
VisualStudioVersion = 17.5.33502.453
MinimumVisualStudioVersion = 10.0.40219.1
Project("{FAE04EC0-301F-11D3-BF4B-00C04F79EFBC}") = "OOPS", "OOPS.csproj", "{2BD46D9B-E674-4177-AEC3-C62BBE8CCCEB}"
EndProject
Project("{FAE04EC0-301F-11D3-BF4B-00C04F79EFBC}") = "OOPSAcc", "..\OOPSAcc\OOPSAcc.csproj", "{084A63A8-0190-42CB-AD21-996F0A30091F}"
EndProject
Global
	GlobalSection(SolutionConfigurationPlatforms) = preSolution
		Debug|Any CPU = Debug|Any CPU
		Release|Any CPU = Release|Any CPU
	EndGlobalSection
	GlobalSection(ProjectConfigurationPlatforms) = postSolution
		{2BD46D9B-E674-4177-AEC3-C62BBE8CCCEB}.Debug|Any CPU.ActiveCfg = Debug|Any CPU
		{2BD46D9B-E674-4177-AEC3-C62BBE8CCCEB}.Debug|Any CPU.Build.0 = Debug|Any CPU
		{2BD46D9B-E674-4177-AEC3-C62BBE8CCCEB}.Release|Any CPU.ActiveCfg = Release|Any CPU
		{2BD46D9B-E674-4177-AEC3-C62BBE8CCCEB}.Release|Any CPU.Build.0 = Release|Any CPU
		{084A63A8-0190-42CB-AD21-996F0A30091F}.Debug|Any CPU.ActiveCfg = Debug|Any CPU
		{084A63A8-0190-42CB-AD21-996F0A30091F}.Debug|Any CPU.Build.0 = Debug|Any CPU
		{084A63A8-0190-42CB-AD21-996F0A30091F}.Release|Any CPU.ActiveCfg = Release|Any CPU
		{084A63A8-0190-42CB-AD21-996F0A30091F}.Release|Any CPU.Build.0 = Release|Any CPU
	EndGlobalSection
	GlobalSection(SolutionProperties) = preSolution
		HideSolutionNode = FALSE
	EndGlobalSection
	GlobalSection(ExtensibilityGlobals) = postSolution
		SolutionGuid = {2EB8B7E3-0F51-486B-9B31-492B39323BE3}
	EndGlobalSection
EndGlobal
